
Microsoft Visual Studio Solution File, Format Version 12.00
# Visual Studio Version 17
VisualStudioVersion = 17.4.33213.308
MinimumVisualStudioVersion = 10.0.40219.1
Project("{2150E333-8FDC-42A3-9474-1A3956D46DE8}") = "Service", "Service", "{E6586DC3-7BAC-40D5-BEE6-DF7ABC0BEC4B}"
EndProject
Project("{2150E333-8FDC-42A3-9474-1A3956D46DE8}") = "Catalog", "Catalog", "{E69B57CC-01B9-4642-A476-EAEFA96D2C1D}"
EndProject
Project("{9A19103F-16F7-4668-BE54-9A1E7A4F7556}") = "Catalog.API", "Service\Catalog\Catalog.API\Catalog.API.csproj", "{D4AD0F53-5C4A-47FC-AA12-59AA85AD316D}"
EndProject
Project("{E53339B2-1760-4266-BCC7-CA923CBCF16C}") = "docker-compose", "docker-compose.dcproj", "{4D49FBC7-5F4C-460C-BE22-A61D983546F1}"
EndProject
Project("{2150E333-8FDC-42A3-9474-1A3956D46DE8}") = "Basket", "Basket", "{134ADB6C-6D20-432A-8B45-4B3132852E07}"
EndProject
Project("{9A19103F-16F7-4668-BE54-9A1E7A4F7556}") = "Basket.API", "Service\Basket\Basket.API\Basket.API.csproj", "{E45AEF46-2B79-4A28-B803-7FF879D39AA8}"
EndProject
Project("{2150E333-8FDC-42A3-9474-1A3956D46DE8}") = "Discount", "Discount", "{94548A7E-25BB-48AB-9E67-F4096B7F211A}"
EndProject
Project("{9A19103F-16F7-4668-BE54-9A1E7A4F7556}") = "Discount.API", "Service\Discount\Discount.API\Discount.API.csproj", "{345EB8ED-E3D6-40E6-8870-D248ED39964E}"
EndProject
Project("{9A19103F-16F7-4668-BE54-9A1E7A4F7556}") = "Discount.Grpc", "Service\Discount\Discount.Grpc\Discount.Grpc.csproj", "{8C4DB114-F48E-496E-ADCA-4CC1EA8EAF97}"
EndProject
Project("{2150E333-8FDC-42A3-9474-1A3956D46DE8}") = "Ordering", "Ordering", "{418689EB-F461-44BE-831C-6B1B99A58D95}"
EndProject
Project("{FAE04EC0-301F-11D3-BF4B-00C04F79EFBC}") = "Ordering.API", "Service\Ordering\Ordering.API\Ordering.API.csproj", "{F831CBB4-C7E5-4310-9A81-4205991D1486}"
EndProject
Project("{FAE04EC0-301F-11D3-BF4B-00C04F79EFBC}") = "Ordering.Domain", "Service\Ordering\Ordering.Domain\Ordering.Domain.csproj", "{932EBDB4-EF57-4E26-913A-49BDC8C20446}"
EndProject
Project("{FAE04EC0-301F-11D3-BF4B-00C04F79EFBC}") = "Ordering.Application", "Service\Ordering\Ordering.Application\Ordering.Application.csproj", "{A9019914-1DA4-47FF-8D17-4B4C3375E9D8}"
EndProject
Project("{FAE04EC0-301F-11D3-BF4B-00C04F79EFBC}") = "Ordering.Infrastructure", "Service\Ordering\Ordering.Infrastructure\Ordering.Infrastructure.csproj", "{9CF3DB67-D168-4A04-912E-7DA7AB839147}"
EndProject
Global
	GlobalSection(SolutionConfigurationPlatforms) = preSolution
		Debug|Any CPU = Debug|Any CPU
		Release|Any CPU = Release|Any CPU
	EndGlobalSection
	GlobalSection(ProjectConfigurationPlatforms) = postSolution
		{D4AD0F53-5C4A-47FC-AA12-59AA85AD316D}.Debug|Any CPU.ActiveCfg = Debug|Any CPU
		{D4AD0F53-5C4A-47FC-AA12-59AA85AD316D}.Debug|Any CPU.Build.0 = Debug|Any CPU
		{D4AD0F53-5C4A-47FC-AA12-59AA85AD316D}.Release|Any CPU.ActiveCfg = Release|Any CPU
		{D4AD0F53-5C4A-47FC-AA12-59AA85AD316D}.Release|Any CPU.Build.0 = Release|Any CPU
		{4D49FBC7-5F4C-460C-BE22-A61D983546F1}.Debug|Any CPU.ActiveCfg = Debug|Any CPU
		{4D49FBC7-5F4C-460C-BE22-A61D983546F1}.Debug|Any CPU.Build.0 = Debug|Any CPU
		{4D49FBC7-5F4C-460C-BE22-A61D983546F1}.Release|Any CPU.ActiveCfg = Release|Any CPU
		{4D49FBC7-5F4C-460C-BE22-A61D983546F1}.Release|Any CPU.Build.0 = Release|Any CPU
		{E45AEF46-2B79-4A28-B803-7FF879D39AA8}.Debug|Any CPU.ActiveCfg = Debug|Any CPU
		{E45AEF46-2B79-4A28-B803-7FF879D39AA8}.Debug|Any CPU.Build.0 = Debug|Any CPU
		{E45AEF46-2B79-4A28-B803-7FF879D39AA8}.Release|Any CPU.ActiveCfg = Release|Any CPU
		{E45AEF46-2B79-4A28-B803-7FF879D39AA8}.Release|Any CPU.Build.0 = Release|Any CPU
		{345EB8ED-E3D6-40E6-8870-D248ED39964E}.Debug|Any CPU.ActiveCfg = Debug|Any CPU
		{345EB8ED-E3D6-40E6-8870-D248ED39964E}.Debug|Any CPU.Build.0 = Debug|Any CPU
		{345EB8ED-E3D6-40E6-8870-D248ED39964E}.Release|Any CPU.ActiveCfg = Release|Any CPU
		{345EB8ED-E3D6-40E6-8870-D248ED39964E}.Release|Any CPU.Build.0 = Release|Any CPU
		{8C4DB114-F48E-496E-ADCA-4CC1EA8EAF97}.Debug|Any CPU.ActiveCfg = Debug|Any CPU
		{8C4DB114-F48E-496E-ADCA-4CC1EA8EAF97}.Debug|Any CPU.Build.0 = Debug|Any CPU
		{8C4DB114-F48E-496E-ADCA-4CC1EA8EAF97}.Release|Any CPU.ActiveCfg = Release|Any CPU
		{8C4DB114-F48E-496E-ADCA-4CC1EA8EAF97}.Release|Any CPU.Build.0 = Release|Any CPU
		{F831CBB4-C7E5-4310-9A81-4205991D1486}.Debug|Any CPU.ActiveCfg = Debug|Any CPU
		{F831CBB4-C7E5-4310-9A81-4205991D1486}.Debug|Any CPU.Build.0 = Debug|Any CPU
		{F831CBB4-C7E5-4310-9A81-4205991D1486}.Release|Any CPU.ActiveCfg = Release|Any CPU
		{F831CBB4-C7E5-4310-9A81-4205991D1486}.Release|Any CPU.Build.0 = Release|Any CPU
		{932EBDB4-EF57-4E26-913A-49BDC8C20446}.Debug|Any CPU.ActiveCfg = Debug|Any CPU
		{932EBDB4-EF57-4E26-913A-49BDC8C20446}.Debug|Any CPU.Build.0 = Debug|Any CPU
		{932EBDB4-EF57-4E26-913A-49BDC8C20446}.Release|Any CPU.ActiveCfg = Release|Any CPU
		{932EBDB4-EF57-4E26-913A-49BDC8C20446}.Release|Any CPU.Build.0 = Release|Any CPU
		{A9019914-1DA4-47FF-8D17-4B4C3375E9D8}.Debug|Any CPU.ActiveCfg = Debug|Any CPU
		{A9019914-1DA4-47FF-8D17-4B4C3375E9D8}.Debug|Any CPU.Build.0 = Debug|Any CPU
		{A9019914-1DA4-47FF-8D17-4B4C3375E9D8}.Release|Any CPU.ActiveCfg = Release|Any CPU
		{A9019914-1DA4-47FF-8D17-4B4C3375E9D8}.Release|Any CPU.Build.0 = Release|Any CPU
		{9CF3DB67-D168-4A04-912E-7DA7AB839147}.Debug|Any CPU.ActiveCfg = Debug|Any CPU
		{9CF3DB67-D168-4A04-912E-7DA7AB839147}.Debug|Any CPU.Build.0 = Debug|Any CPU
		{9CF3DB67-D168-4A04-912E-7DA7AB839147}.Release|Any CPU.ActiveCfg = Release|Any CPU
		{9CF3DB67-D168-4A04-912E-7DA7AB839147}.Release|Any CPU.Build.0 = Release|Any CPU
	EndGlobalSection
	GlobalSection(SolutionProperties) = preSolution
		HideSolutionNode = FALSE
	EndGlobalSection
	GlobalSection(NestedProjects) = preSolution
		{E69B57CC-01B9-4642-A476-EAEFA96D2C1D} = {E6586DC3-7BAC-40D5-BEE6-DF7ABC0BEC4B}
		{D4AD0F53-5C4A-47FC-AA12-59AA85AD316D} = {E69B57CC-01B9-4642-A476-EAEFA96D2C1D}
		{134ADB6C-6D20-432A-8B45-4B3132852E07} = {E6586DC3-7BAC-40D5-BEE6-DF7ABC0BEC4B}
		{E45AEF46-2B79-4A28-B803-7FF879D39AA8} = {134ADB6C-6D20-432A-8B45-4B3132852E07}
		{94548A7E-25BB-48AB-9E67-F4096B7F211A} = {E6586DC3-7BAC-40D5-BEE6-DF7ABC0BEC4B}
		{345EB8ED-E3D6-40E6-8870-D248ED39964E} = {94548A7E-25BB-48AB-9E67-F4096B7F211A}
		{8C4DB114-F48E-496E-ADCA-4CC1EA8EAF97} = {94548A7E-25BB-48AB-9E67-F4096B7F211A}
		{418689EB-F461-44BE-831C-6B1B99A58D95} = {E6586DC3-7BAC-40D5-BEE6-DF7ABC0BEC4B}
		{F831CBB4-C7E5-4310-9A81-4205991D1486} = {418689EB-F461-44BE-831C-6B1B99A58D95}
		{932EBDB4-EF57-4E26-913A-49BDC8C20446} = {418689EB-F461-44BE-831C-6B1B99A58D95}
		{A9019914-1DA4-47FF-8D17-4B4C3375E9D8} = {418689EB-F461-44BE-831C-6B1B99A58D95}
		{9CF3DB67-D168-4A04-912E-7DA7AB839147} = {418689EB-F461-44BE-831C-6B1B99A58D95}
	EndGlobalSection
	GlobalSection(ExtensibilityGlobals) = postSolution
		SolutionGuid = {2D1BE48C-16B8-4E75-89CE-689478717611}
	EndGlobalSection
EndGlobal
